
Microsoft Visual Studio Solution File, Format Version 12.00
# Visual Studio Version 17
VisualStudioVersion = 17.3.32901.215
MinimumVisualStudioVersion = 10.0.40219.1
Project("{9A19103F-16F7-4668-BE54-9A1E7A4F7556}") = "WebEFMVCDemo", "WebEFMVCDemo.csproj", "{DB2BB4D3-EE59-4559-B0C4-4BFB391E111C}"
EndProject
Project("{FAE04EC0-301F-11D3-BF4B-00C04F79EFBC}") = "TestProject", "..\TestProject\TestProject.csproj", "{C9F625C0-F973-429C-85ED-DC8A1F89D8F8}"
EndProject
Global
	GlobalSection(SolutionConfigurationPlatforms) = preSolution
		Debug|Any CPU = Debug|Any CPU
		Release|Any CPU = Release|Any CPU
	EndGlobalSection
	GlobalSection(ProjectConfigurationPlatforms) = postSolution
		{DB2BB4D3-EE59-4559-B0C4-4BFB391E111C}.Debug|Any CPU.ActiveCfg = Debug|Any CPU
		{DB2BB4D3-EE59-4559-B0C4-4BFB391E111C}.Debug|Any CPU.Build.0 = Debug|Any CPU
		{DB2BB4D3-EE59-4559-B0C4-4BFB391E111C}.Release|Any CPU.ActiveCfg = Release|Any CPU
		{DB2BB4D3-EE59-4559-B0C4-4BFB391E111C}.Release|Any CPU.Build.0 = Release|Any CPU
		{C9F625C0-F973-429C-85ED-DC8A1F89D8F8}.Debug|Any CPU.ActiveCfg = Debug|Any CPU
		{C9F625C0-F973-429C-85ED-DC8A1F89D8F8}.Debug|Any CPU.Build.0 = Debug|Any CPU
		{C9F625C0-F973-429C-85ED-DC8A1F89D8F8}.Release|Any CPU.ActiveCfg = Release|Any CPU
		{C9F625C0-F973-429C-85ED-DC8A1F89D8F8}.Release|Any CPU.Build.0 = Release|Any CPU
	EndGlobalSection
	GlobalSection(SolutionProperties) = preSolution
		HideSolutionNode = FALSE
	EndGlobalSection
	GlobalSection(ExtensibilityGlobals) = postSolution
		SolutionGuid = {9E571CBD-037A-4713-BA9D-9A8C84F81C98}
	EndGlobalSection
EndGlobal
